
Microsoft Visual Studio Solution File, Format Version 12.00
# Visual Studio Version 17
VisualStudioVersion = 17.6.33801.468
MinimumVisualStudioVersion = 10.0.40219.1
Project("{9A19103F-16F7-4668-BE54-9A1E7A4F7556}") = "AsyncRequestReply", "AsyncRequestReply\AsyncRequestReply.csproj", "{2CA4CFD0-E772-40A9-AAAA-0D6B13959AE5}"
EndProject
Project("{FAE04EC0-301F-11D3-BF4B-00C04F79EFBC}") = "MessageBus", "MessageBus\MessageBus.csproj", "{43E27C80-7502-4E36-B358-1FCF51E7FC93}"
EndProject
Global
	GlobalSection(SolutionConfigurationPlatforms) = preSolution
		Debug|Any CPU = Debug|Any CPU
		Release|Any CPU = Release|Any CPU
	EndGlobalSection
	GlobalSection(ProjectConfigurationPlatforms) = postSolution
		{2CA4CFD0-E772-40A9-AAAA-0D6B13959AE5}.Debug|Any CPU.ActiveCfg = Debug|Any CPU
		{2CA4CFD0-E772-40A9-AAAA-0D6B13959AE5}.Debug|Any CPU.Build.0 = Debug|Any CPU
		{2CA4CFD0-E772-40A9-AAAA-0D6B13959AE5}.Release|Any CPU.ActiveCfg = Release|Any CPU
		{2CA4CFD0-E772-40A9-AAAA-0D6B13959AE5}.Release|Any CPU.Build.0 = Release|Any CPU
		{43E27C80-7502-4E36-B358-1FCF51E7FC93}.Debug|Any CPU.ActiveCfg = Debug|Any CPU
		{43E27C80-7502-4E36-B358-1FCF51E7FC93}.Debug|Any CPU.Build.0 = Debug|Any CPU
		{43E27C80-7502-4E36-B358-1FCF51E7FC93}.Release|Any CPU.ActiveCfg = Release|Any CPU
		{43E27C80-7502-4E36-B358-1FCF51E7FC93}.Release|Any CPU.Build.0 = Release|Any CPU
	EndGlobalSection
	GlobalSection(SolutionProperties) = preSolution
		HideSolutionNode = FALSE
	EndGlobalSection
	GlobalSection(ExtensibilityGlobals) = postSolution
		SolutionGuid = {CB630E20-E47B-41E8-B30E-FE2AA916F890}
	EndGlobalSection
EndGlobal
